PODS:
  - MBCircularProgressBar (0.3.5)

DEPENDENCIES:
  - MBCircularProgressBar

SPEC REPOS:
  https://github.com/cocoapods/specs.git:
    - MBCircularProgressBar

SPEC CHECKSUMS:
  MBCircularProgressBar: 0b795b722a5eb5b0923822f90474e2576a1a7855

PODFILE CHECKSUM: 7f45e8d97d723b3c28f633979007ae5ab4c31563

COCOAPODS: 1.6.1
